
Microsoft Visual Studio Solution File, Format Version 12.00
# Visual Studio Version 16
VisualStudioVersion = 16.0.29613.14
MinimumVisualStudioVersion = 10.0.40219.1
Project("{FAE04EC0-301F-11D3-BF4B-00C04F79EFBC}") = "RoboVsDino", "RoboVsDino\RoboVsDino.csproj", "{36F60A15-6828-40CB-97CA-788E69018286}"
EndProject
Global
	GlobalSection(SolutionConfigurationPlatforms) = preSolution
		Debug|Any CPU = Debug|Any CPU
		Release|Any CPU = Release|Any CPU
	EndGlobalSection
	GlobalSection(ProjectConfigurationPlatforms) = postSolution
		{36F60A15-6828-40CB-97CA-788E69018286}.Debug|Any CPU.ActiveCfg = Debug|Any CPU
		{36F60A15-6828-40CB-97CA-788E69018286}.Debug|Any CPU.Build.0 = Debug|Any CPU
		{36F60A15-6828-40CB-97CA-788E69018286}.Release|Any CPU.ActiveCfg = Release|Any CPU
		{36F60A15-6828-40CB-97CA-788E69018286}.Release|Any CPU.Build.0 = Release|Any CPU
	EndGlobalSection
	GlobalSection(SolutionProperties) = preSolution
		HideSolutionNode = FALSE
	EndGlobalSection
	GlobalSection(ExtensibilityGlobals) = postSolution
		SolutionGuid = {19C9BAD7-3E04-43A2-8CC3-BE913E5012EC}
	EndGlobalSection
EndGlobal
